
Microsoft Visual Studio Solution File, Format Version 12.00
# Visual Studio 15
Project("{FAE04EC0-301F-11D3-BF4B-00C04F79EFBC}") = "Assembly-CSharp", "Assembly-CSharp.csproj", "{A5A28316-8584-0EA2-4E66-F28C5DC8580A}"
EndProject
Project("{FAE04EC0-301F-11D3-BF4B-00C04F79EFBC}") = "Assembly-CSharp-Editor", "Assembly-CSharp-Editor.csproj", "{F5E3D38A-C019-C706-CAB4-DE28E08BEBEE}"
EndProject
Global
	GlobalSection(SolutionConfigurationPlatforms) = preSolution
		Debug|Any CPU = Debug|Any CPU
		Release|Any CPU = Release|Any CPU
	EndGlobalSection
	GlobalSection(ProjectConfigurationPlatforms) = postSolution
		{A5A28316-8584-0EA2-4E66-F28C5DC8580A}.Debug|Any CPU.ActiveCfg = Debug|Any CPU
		{A5A28316-8584-0EA2-4E66-F28C5DC8580A}.Debug|Any CPU.Build.0 = Debug|Any CPU
		{A5A28316-8584-0EA2-4E66-F28C5DC8580A}.Release|Any CPU.ActiveCfg = Release|Any CPU
		{A5A28316-8584-0EA2-4E66-F28C5DC8580A}.Release|Any CPU.Build.0 = Release|Any CPU
		{F5E3D38A-C019-C706-CAB4-DE28E08BEBEE}.Debug|Any CPU.ActiveCfg = Debug|Any CPU
		{F5E3D38A-C019-C706-CAB4-DE28E08BEBEE}.Debug|Any CPU.Build.0 = Debug|Any CPU
		{F5E3D38A-C019-C706-CAB4-DE28E08BEBEE}.Release|Any CPU.ActiveCfg = Release|Any CPU
		{F5E3D38A-C019-C706-CAB4-DE28E08BEBEE}.Release|Any CPU.Build.0 = Release|Any CPU
	EndGlobalSection
	GlobalSection(SolutionProperties) = preSolution
		HideSolutionNode = FALSE
	EndGlobalSection
EndGlobal
